lockfileVersion: '9.0'

settings:
  autoInstallPeers: true
  excludeLinksFromLockfile: false

importers:

  .:
    dependencies:
      '@geoman-io/leaflet-geoman-free':
        specifier: 2.18.3
        version: 2.18.3(leaflet@1.9.4)
      firebase:
        specifier: 8.10.0
        version: 8.10.0
      leaflet:
        specifier: 1.9.4
        version: 1.9.4
      xlsx:
        specifier: 0.18.5
        version: 0.18.5
    devDependencies:
      '@playwright/test':
        specifier: 1.61.1
        version: 1.61.1

packages:

  '@firebase/analytics-types@0.6.0':
    resolution: {integrity: sha512-kbMawY0WRPyL/lbknBkme4CNLl+Gw+E9G4OpNeXAauqoQiNkBgpIvZYy7BRT4sNGhZbxdxXxXbruqUwDzLmvTw==}

  '@firebase/analytics@0.6.18':
    resolution: {integrity: sha512-FXNtYDxbs9ynPbzUVuG94BjFPOPpgJ7156660uvCBuKgoBCIVcNqKkJQQ7TH8384fqvGjbjdcgARY9jgAHbtog==}
    peerDependencies:
      '@firebase/app': 0.x
      '@firebase/app-types': 0.x

  '@firebase/app-check-interop-types@0.1.0':
    resolution: {integrity: sha512-uZfn9s4uuRsaX5Lwx+gFP3B6YsyOKUE+Rqa6z9ojT4VSRAsZFko9FRn6OxQUA1z5t5d08fY4pf+/+Dkd5wbdbA==}

  '@firebase/app-check-types@0.3.1':
    resolution: {integrity: sha512-KJ+BqJbdNsx4QT/JIT1yDj5p6D+QN97iJs3GuHnORrqL+DU3RWc9nSYQsrY6Tv9jVWcOkMENXAgDT484vzsm2w==}

  '@firebase/app-check@0.3.2':
    resolution: {integrity: sha512-YjpsnV1xVTO1B836IKijRcDeceLgHQNJ/DWa+Vky9UHkm1Mi4qosddX8LZzldaWRTWKX7BN1MbZOLY8r7M/MZQ==}
    peerDependencies:
      '@firebase/app': 0.x
      '@firebase/app-types': 0.x

  '@firebase/app-types@0.6.3':
    resolution: {integrity: sha512-/M13DPPati7FQHEQ9Minjk1HGLm/4K4gs9bR4rzLCWJg64yGtVC0zNg9gDpkw9yc2cvol/mNFxqTtd4geGrwdw==}

  '@firebase/app@0.6.30':
    resolution: {integrity: sha512-uAYEDXyK0mmpZ8hWQj5TNd7WVvfsU8PgsqKpGljbFBG/HhsH8KbcykWAAA+c1PqL7dt/dbt0Reh1y9zEdYzMhg==}

  '@firebase/auth-interop-types@0.1.6':
    resolution: {integrity: sha512-etIi92fW3CctsmR9e3sYM3Uqnoq861M0Id9mdOPF6PWIg38BXL5k4upCNBggGUpLIS0H1grMOvy/wn1xymwe2g==}
    peerDependencies:
      '@firebase/app-types': 0.x
      '@firebase/util': 1.x

  '@firebase/auth-types@0.10.3':
    resolution: {integrity: sha512-zExrThRqyqGUbXOFrH/sowuh2rRtfKHp9SBVY2vOqKWdCX1Ztn682n9WLtlUDsiYVIbBcwautYWk2HyCGFv0OA==}
    peerDependencies:
      '@firebase/app-types': 0.x
      '@firebase/util': 1.x

  '@firebase/auth@0.16.8':
    resolution: {integrity: sha512-mR0UXG4LirWIfOiCWxVmvz1o23BuKGxeItQ2cCUgXLTjNtWJXdcky/356iTUsd7ZV5A78s2NHeN5tIDDG6H4rg==}
    peerDependencies:
      '@firebase/app': 0.x

  '@firebase/component@0.5.6':
    resolution: {integrity: sha512-GyQJ+2lrhsDqeGgd1VdS7W+Y6gNYyI0B51ovNTxeZVG/W8I7t9MwEiCWsCvfm5wQgfsKp9dkzOcJrL5k8oVO/Q==}

  '@firebase/database-types@0.8.0':
    resolution: {integrity: sha512-7IdjAFRfPWyG3b4wcXyghb3Y1CLCSJFZIg1xl5GbTVMttSQFT4B5NYdhsfA34JwAsv5pMzPpjOaS3/K9XJ2KiA==}

  '@firebase/database@0.11.0':
    resolution: {integrity: sha512-b/kwvCubr6G9coPlo48PbieBDln7ViFBHOGeVt/bt82yuv5jYZBEYAac/mtOVSxpf14aMo/tAN+Edl6SWqXApw==}

  '@firebase/firestore-types@2.4.0':
    resolution: {integrity: sha512-0dgwfuNP7EN6/OlK2HSNSQiQNGLGaRBH0gvgr1ngtKKJuJFuq0Z48RBMeJX9CGjV4TP9h2KaB+KrUKJ5kh1hMg==}
    peerDependencies:
      '@firebase/app-types': 0.x
      '@firebase/util': 1.x

  '@firebase/firestore@2.4.0':
    resolution: {integrity: sha512-PQ6+lWNrvh74GvFTHT4gCutFipDmtu8D1tNNawKe+/SyL6XFgeuMYgZIpKQgkTSezVDogC7EGQTJBFnewF9pOg==}
    engines: {node: ^8.13.0 || >=10.10.0}
    peerDependencies:
      '@firebase/app': 0.x
      '@firebase/app-types': 0.x

  '@firebase/functions-types@0.4.0':
    resolution: {integrity: sha512-3KElyO3887HNxtxNF1ytGFrNmqD+hheqjwmT3sI09FaDCuaxGbOnsXAXH2eQ049XRXw9YQpHMgYws/aUNgXVyQ==}

  '@firebase/functions@0.6.15':
    resolution: {integrity: sha512-b7RpLwFXi0N+HgkfK8cmkarSOoBeSrc1jNdadkCacQt+vIePkKM3E9EJXF4roWSa8GwTruodpBsvH+lK9iCAKQ==}
    peerDependencies:
      '@firebase/app': 0.x
      '@firebase/app-types': 0.x

  '@firebase/installations-types@0.3.4':
    resolution: {integrity: sha512-RfePJFovmdIXb6rYwtngyxuEcWnOrzdZd9m7xAW0gRxDIjBT20n3BOhjpmgRWXo/DAxRmS7bRjWAyTHY9cqN7Q==}
    peerDependencies:
      '@firebase/app-types': 0.x

  '@firebase/installations@0.4.32':
    resolution: {integrity: sha512-K4UlED1Vrhd2rFQQJih+OgEj8OTtrtH4+Izkx7ip2bhXSc+unk8ZhnF69D0kmh7zjXAqEDJrmHs9O5fI3rV6Tw==}
    peerDependencies:
      '@firebase/app': 0.x
      '@firebase/app-types': 0.x

  '@firebase/logger@0.2.6':
    resolution: {integrity: sha512-KIxcUvW/cRGWlzK9Vd2KB864HlUnCfdTH0taHE0sXW5Xl7+W68suaeau1oKNEqmc3l45azkd4NzXTCWZRZdXrw==}

  '@firebase/messaging-types@0.5.0':
    resolution: {integrity: sha512-QaaBswrU6umJYb/ZYvjR5JDSslCGOH6D9P136PhabFAHLTR4TWjsaACvbBXuvwrfCXu10DtcjMxqfhdNIB1Xfg==}
    peerDependencies:
      '@firebase/app-types': 0.x

  '@firebase/messaging@0.8.0':
    resolution: {integrity: sha512-hkFHDyVe1kMcY9KEG+prjCbvS6MtLUgVFUbbQqq7JQfiv58E07YCzRUcMrJolbNi/1QHH6Jv16DxNWjJB9+/qA==}
    peerDependencies:
      '@firebase/app': 0.x
      '@firebase/app-types': 0.x

  '@firebase/performance-types@0.0.13':
    resolution: {integrity: sha512-6fZfIGjQpwo9S5OzMpPyqgYAUZcFzZxHFqOyNtorDIgNXq33nlldTL/vtaUZA8iT9TT5cJlCrF/jthKU7X21EA==}

  '@firebase/performance@0.4.18':
    resolution: {integrity: sha512-lvZW/TVDne2TyOpWbv++zjRn277HZpbjxbIPfwtnmKjVY1gJ+H77Qi1c2avVIc9hg80uGX/5tNf4pOApNDJLVg==}
    peerDependencies:
      '@firebase/app': 0.x
      '@firebase/app-types': 0.x

  '@firebase/polyfill@0.3.36':
    resolution: {integrity: sha512-zMM9oSJgY6cT2jx3Ce9LYqb0eIpDE52meIzd/oe/y70F+v9u1LDqk5kUF5mf16zovGBWMNFmgzlsh6Wj0OsFtg==}

  '@firebase/remote-config-types@0.1.9':
    resolution: {integrity: sha512-G96qnF3RYGbZsTRut7NBX0sxyczxt1uyCgXQuH/eAfUCngxjEGcZQnBdy6mvSdqdJh5mC31rWPO4v9/s7HwtzA==}

  '@firebase/remote-config@0.1.43':
    resolution: {integrity: sha512-laNM4MN0CfeSp7XCVNjYOC4DdV6mj0l2rzUh42x4v2wLTweCoJ/kc1i4oWMX9TI7Jw8Am5Wl71Awn1J2pVe5xA==}
    peerDependencies:
      '@firebase/app': 0.x
      '@firebase/app-types': 0.x

  '@firebase/storage-types@0.5.0':
    resolution: {integrity: sha512-6Wv3Lu7s18hsgW7HG4BFwycTquZ3m/C8bjBoOsmPu0TD6M1GKwCzOC7qBdN7L6tRYPh8ipTj5+rPFrmhGfUVKA==}
    peerDependencies:
      '@firebase/app-types': 0.x
      '@firebase/util': 1.x

  '@firebase/storage@0.7.0':
    resolution: {integrity: sha512-ebDFKJbM5HOxVtZV+RhVEBVtlWHK+Z5L3kA5uDBA2jMYcn+8NV/crozJnEE+iRsGEco6dLK5JS+Er4qtKLpH5A==}
    peerDependencies:
      '@firebase/app': 0.x
      '@firebase/app-types': 0.x

  '@firebase/util@1.3.0':
    resolution: {integrity: sha512-SESvmYwuKOVCZ1ZxLbberbx+9cnbxpCa4CG2FUSQYqN6Ab8KyltegMDIsqMw5KyIBZ4n1phfHoOa22xo5NzAlQ==}

  '@firebase/webchannel-wrapper@0.5.1':
    resolution: {integrity: sha512-dZMzN0uAjwJXWYYAcnxIwXqRTZw3o14hGe7O6uhwjD1ZQWPVYA5lASgnNskEBra0knVBsOXB4KXg+HnlKewN/A==}

  '@geoman-io/leaflet-geoman-free@2.18.3':
    resolution: {integrity: sha512-XzxSKRk2UJUVeGiOt1jU2hyo412Qee1Q0Xsfw4A2r8EoUIo48XKSWfusYe7E53fSPr0aYgZxPevnFdcUXimpdA==}
    peerDependencies:
      leaflet: ^1.2.0

  '@grpc/grpc-js@1.14.4':
    resolution: {integrity: sha512-k9Dj3DV/itK9D06Y8f190Qgop7/Ui+D0njFV3LHMPwPT75DpXLQohE9Wmz0QElrJnzsjB7KPWiKJbOl7IPDArQ==}
    engines: {node: '>=12.10.0'}

  '@grpc/proto-loader@0.6.13':
    resolution: {integrity: sha512-FjxPYDRTn6Ec3V0arm1FtSpmP6V50wuph2yILpyvTKzjc76oDdoihXqM1DzOW5ubvCC8GivfCnNtfaRE8myJ7g==}
    engines: {node: '>=6'}
    hasBin: true

  '@grpc/proto-loader@0.8.1':
    resolution: {integrity: sha512-wtF6h+DY6M3YaDBPAmvuuA6jV8Sif9MjtOI5euKFWRgCDl5PeDpPsHR9u2l6St5ceY8AZgoNDww5+HvEsXFsGg==}
    engines: {node: '>=6'}
    hasBin: true

  '@js-sdsl/ordered-map@4.4.2':
    resolution: {integrity: sha512-iUKgm52T8HOE/makSxjqoWhe95ZJA1/G1sYsGev2JDKUSS14KAgg1LHb+Ba+IPow0xflbnSkOsZcO08C7w1gYw==}

  '@playwright/test@1.61.1':
    resolution: {integrity: sha512-8nKv6+0RJSL9FE4jYOEGXnPeM/Hg12qZpmqzZjRh3qM0Y7c3z1mrOTfFLids72RDQYVh9WpLEfR5WdpNX4fkig==}
    engines: {node: '>=18'}
    hasBin: true

  '@protobufjs/aspromise@1.1.2':
    resolution: {integrity: sha512-j+gKExEuLmKwvz3OgROXtrJ2UG2x8Ch2YZUxahh+s1F2HZ+wAceUNLkvy6zKCPVRkU++ZWQrdxsUeQXmcg4uoQ==}

  '@protobufjs/base64@1.1.2':
    resolution: {integrity: sha512-AZkcAA5vnN/v4PDqKyMR5lx7hZttPDgClv83E//FMNhR2TMcLUhfRUBHCmSl0oi9zMgDDqRUJkSxO3wm85+XLg==}

  '@protobufjs/codegen@2.0.5':
    resolution: {integrity: sha512-zgXFLzW3Ap33e6d0Wlj4MGIm6Ce8O89n/apUaGNB/jx+hw+ruWEp7EwGUshdLKVRCxZW12fp9r40E1mQrf/34g==}

  '@protobufjs/eventemitter@1.1.1':
    resolution: {integrity: sha512-vW1GmwMZNnL+gMRaovlh9yZX74kc+TTU3FObkkurpMaRtBfLP3ldjS9KQWlwZgraRE0+dheEEoAxdzcJQ8eXZg==}

  '@protobufjs/fetch@1.1.1':
    resolution: {integrity: sha512-GpptLrs57adMSuHi3VNj0mAF8dwh36LMaYF6XyJ6JMWlVsc+t42tm1HSEDmOs3A8fC9yyeisgLhsTVQokOZ0zw==}

  '@protobufjs/float@1.0.2':
    resolution: {integrity: sha512-Ddb+kVXlXst9d+R9PfTIxh1EdNkgoRe5tOX6t01f1lYWOvJnSPDBlG241QLzcyPdoNTsblLUdujGSE4RzrTZGQ==}

  '@protobufjs/inquire@1.1.2':
    resolution: {integrity: sha512-pa0vFRuws4wkvaXKK1uXZMAwAX4/t8ANaJo45iw/oQHNQ9q5xUzwgFmVJGXiga2BeN+zpX7Vf9vmsiIa2J+MUw==}

  '@protobufjs/path@1.1.2':
    resolution: {integrity: sha512-6JOcJ5Tm08dOHAbdR3GrvP+yUUfkjG5ePsHYczMFLq3ZmMkAD98cDgcT2iA1lJ9NVwFd4tH/iSSoe44YWkltEA==}

  '@protobufjs/pool@1.1.0':
    resolution: {integrity: sha512-0kELaGSIDBKvcgS4zkjz1PeddatrjYcmMWOlAuAPwAeccUrPHdUqo/J6LiymHHEiJT5NrF1UVwxY14f+fy4WQw==}

  '@protobufjs/utf8@1.1.2':
    resolution: {integrity: sha512-b1UQwcEZ4yCnMCD8DAL1VlbvBJE9/IX4FTIp7BG1xYpf29SLazLSrqUkj4w7Y5y7cCVP6E5tcqqcI0xemPkHug==}

  '@turf/bbox@6.5.0':
    resolution: {integrity: sha512-RBbLaao5hXTYyyg577iuMtDB8ehxMlUqHEJiMs8jT1GHkFhr6sYre3lmLsPeYEi/ZKj5TP5tt7fkzNdJ4GIVyw==}

  '@turf/bbox@7.3.5':
    resolution: {integrity: sha512-oG1ya/HtBjAIg4TimbWx+nOYPbY0bCvt82Bq8tm6sBw3qqtbOyRSfDz79Sq90TnH7DXJprJ1qnVGKNtZ6jemfw==}

  '@turf/bearing@6.5.0':
    resolution: {integrity: sha512-dxINYhIEMzgDOztyMZc20I7ssYVNEpSv04VbMo5YPQsqa80KO3TFvbuCahMsCAW5z8Tncc8dwBlEFrmRjJG33A==}

  '@turf/boolean-contains@6.5.0':
    resolution: {integrity: sha512-4m8cJpbw+YQcKVGi8y0cHhBUnYT+QRfx6wzM4GI1IdtYH3p4oh/DOBJKrepQyiDzFDaNIjxuWXBh0ai1zVwOQQ==}

  '@turf/boolean-point-in-polygon@6.5.0':
    resolution: {integrity: sha512-DtSuVFB26SI+hj0SjrvXowGTUCHlgevPAIsukssW6BG5MlNSBQAo70wpICBNJL6RjukXg8d2eXaAWuD/CqL00A==}

  '@turf/boolean-point-on-line@6.5.0':
    resolution: {integrity: sha512-A1BbuQ0LceLHvq7F/P7w3QvfpmZqbmViIUPHdNLvZimFNLo4e6IQunmzbe+8aSStH9QRZm3VOflyvNeXvvpZEQ==}

  '@turf/destination@6.5.0':
    resolution: {integrity: sha512-4cnWQlNC8d1tItOz9B4pmJdWpXqS0vEvv65bI/Pj/genJnsL7evI0/Xw42RvEGROS481MPiU80xzvwxEvhQiMQ==}

  '@turf/distance@6.5.0':
    resolution: {integrity: sha512-xzykSLfoURec5qvQJcfifw/1mJa+5UwByZZ5TZ8iaqjGYN0vomhV9aiSLeYdUGtYRESZ+DYC/OzY+4RclZYgMg==}

  '@turf/helpers@6.5.0':
    resolution: {integrity: sha512-VbI1dV5bLFzohYYdgqwikdMVpe7pJ9X3E+dlr425wa2/sMJqYDhTO++ec38/pcPvPE6oD9WEEeU3Xu3gza+VPw==}

  '@turf/helpers@7.3.5':
    resolution: {integrity: sha512-E/NMGV5MwbjjP7AJXBtsanC3yY8N2MQ87IGdIgkB2ji5AtBpwnH4L3gEqpYN4RlCJJWbLbzO91BbKv2waUd0eg==}

  '@turf/invariant@6.5.0':
    resolution: {integrity: sha512-Wv8PRNCtPD31UVbdJE/KVAWKe7l6US+lJItRR/HOEW3eh+U/JwRCSUl/KZ7bmjM/C+zLNoreM2TU6OoLACs4eg==}

  '@turf/kinks@6.5.0':
    resolution: {integrity: sha512-ViCngdPt1eEL7hYUHR2eHR662GvCgTc35ZJFaNR6kRtr6D8plLaDju0FILeFFWSc+o8e3fwxZEJKmFj9IzPiIQ==}

  '@turf/line-intersect@6.5.0':
    resolution: {integrity: sha512-CS6R1tZvVQD390G9Ea4pmpM6mJGPWoL82jD46y0q1KSor9s6HupMIo1kY4Ny+AEYQl9jd21V3Scz20eldpbTVA==}

  '@turf/line-segment@6.5.0':
    resolution: {integrity: sha512-jI625Ho4jSuJESNq66Mmi290ZJ5pPZiQZruPVpmHkUw257Pew0alMmb6YrqYNnLUuiVVONxAAKXUVeeUGtycfw==}

  '@turf/line-split@6.5.0':
    resolution: {integrity: sha512-/rwUMVr9OI2ccJjw7/6eTN53URtGThNSD5I0GgxyFXMtxWiloRJ9MTff8jBbtPWrRka/Sh2GkwucVRAEakx9Sw==}

  '@turf/meta@6.5.0':
    resolution: {integrity: sha512-RrArvtsV0vdsCBegoBtOalgdSOfkBrTJ07VkpiCnq/491W67hnMWmDu7e6Ztw0C3WldRYTXkg3SumfdzZxLBHA==}

  '@turf/meta@7.3.5':
    resolution: {integrity: sha512-r+ohqxoyqeigFB0oFrQx/YEHIkOKqcKpCjvZkvZs7Tkv+IFco5MezAd2zd4rzK+0DfFgDP3KpJc7HqrYjvEjhg==}

  '@turf/nearest-point-on-line@6.5.0':
    resolution: {integrity: sha512-WthrvddddvmymnC+Vf7BrkHGbDOUu6Z3/6bFYUGv1kxw8tiZ6n83/VG6kHz4poHOfS0RaNflzXSkmCi64fLBlg==}

  '@turf/square@6.5.0':
    resolution: {integrity: sha512-BM2UyWDmiuHCadVhHXKIx5CQQbNCpOxB6S/aCNOCLbhCeypKX5Q0Aosc5YcmCJgkwO5BERCC6Ee7NMbNB2vHmQ==}

  '@turf/truncate@6.5.0':
    resolution: {integrity: sha512-pFxg71pLk+eJj134Z9yUoRhIi8vqnnKvCYwdT4x/DQl/19RVdq1tV3yqOT3gcTQNfniteylL5qV1uTBDV5sgrg==}

  '@types/geojson@7946.0.16':
    resolution: {integrity: sha512-6C8nqWur3j98U6+lXDfTUWIfgvZU+EumvpHKcYjujKH7woYyLj2sUmff0tRhrqM7BohUw7Pz3ZB1jj2gW9Fvmg==}

  '@types/geojson@7946.0.8':
    resolution: {integrity: sha512-1rkryxURpr6aWP7R786/UQOkJ3PcpQiWkAXBmdWc7ryFWqN6a4xfK7BtjXvFBKO9LjQ+MWQSWxYeZX1OApnArA==}

  '@types/long@4.0.2':
    resolution: {integrity: sha512-MqTGEo5bj5t157U6fA/BiDynNkn0YknVdh48CMPkTSpFTVmvao5UQmm7uEF6xBEo7qIMAlY/JSleYaE6VOdpaA==}

  '@types/node@26.1.1':
    resolution: {integrity: sha512-nxAkRSVkN1Y0JC1W8ky/fTfkGsMmcrRsbx+3XoZE+rMOX71kLYTV7fLXpqud1GpbpP5TuffXFqfX7fH2GgZREw==}

  adler-32@1.3.1:
    resolution: {integrity: sha512-ynZ4w/nUUv5rrsR8UUGoe1VC9hZj6V5hU9Qw1HlMDJGEJw5S7TfTErWTjMys6M7vr0YWcPqs3qAr4ss0nDfP+A==}
    engines: {node: '>=0.8'}

  ansi-regex@5.0.1:
    resolution: {integrity: sha512-quJQXlTSUGL2LH9SUXo8VwsY4soanhgo6LNSm84E1LBcE8s3O0wpdiRzyR9z/ZZJMlMWv37qOOb9pdJlMUEKFQ==}
    engines: {node: '>=8'}

  ansi-styles@4.3.0:
    resolution: {integrity: sha512-zbB9rCJAT1rbjiVDb2hqKFHNYLxgtk8NURxZ3IZwD3F6NtxbXZQCnnSi1Lkx+IDohdPlFp222wVALIheZJQSEg==}
    engines: {node: '>=8'}

  bignumber.js@9.3.1:
    resolution: {integrity: sha512-Ko0uX15oIUS7wJ3Rb30Fs6SkVbLmPBAKdlm7q9+ak9bbIeFf0MwuBsQV6z7+X768/cHsfg+WlysDWJcmthjsjQ==}

  cfb@1.2.2:
    resolution: {integrity: sha512-KfdUZsSOw19/ObEWasvBP/Ac4reZvAGauZhs6S/gqNhXhI7cKwvlH7ulj+dOEYnca4bm4SGo8C1bTAQvnTjgQA==}
    engines: {node: '>=0.8'}

  cliui@7.0.4:
    resolution: {integrity: sha512-OcRE68cOsVMXp1Yvonl/fzkQOyjLSu/8bhPDfQt0e0/Eb283TKP20Fs2MqoPsr9SwA595rRCA+QMzYc9nBP+JQ==}

  cliui@8.0.1:
    resolution: {integrity: sha512-BSeNnyus75C4//NQ9gQt1/csTXyo/8Sb+afLAkzAptFuMsod9HFokGNudZpi/oQV73hnVK+sR+5PVRMd+Dr7YQ==}
    engines: {node: '>=12'}

  codepage@1.15.0:
    resolution: {integrity: sha512-3g6NUTPd/YtuuGrhMnOMRjFc+LJw/bnMp3+0r/Wcz3IXUuCosKRJvMphm5+Q+bvTVGcJJuRvVLuYba+WojaFaA==}
    engines: {node: '>=0.8'}

  color-convert@2.0.1:
    resolution: {integrity: sha512-RRECPsj7iu/xb5oKYcsFHSppFNnsj/52OVTRKb4zP5onXwVF3zVmmToNcOfGC+CRDpfK/U584fMg38ZHCaElKQ==}
    engines: {node: '>=7.0.0'}

  color-name@1.1.4:
    resolution: {integrity: sha512-dOy+3AuW3a2wNbZHIuMZpTcgjGuLU/uBL/ubcZF9OXbDo8ff4O8yVp5Bf0efS8uEoYo5q4Fx7dY9OgQGXgAsQA==}

  core-js@3.6.5:
    resolution: {integrity: sha512-vZVEEwZoIsI+vPEuoF9Iqf5H7/M3eeQqWlQnYa8FSKKePuYTf5MWnxb5SDAzCa60b3JBRS5g9b+Dq7b1y/RCrA==}
    deprecated: core-js@<3.23.3 is no longer maintained and not recommended for usage due to the number of issues. Because of the V8 engine whims, feature detection in old core-js versions could cause a slowdown up to 100x even if nothing is polyfilled. Some versions have web compatibility issues. Please, upgrade your dependencies to the actual version of core-js.

  crc-32@1.2.2:
    resolution: {integrity: sha512-ROmzCKrTnOwybPcJApAA6WBWij23HVfGVNKqqrZpuyZOHqK2CwHSvpGuyt/UNNvaIjEd8X5IFGp4Mh+Ie1IHJQ==}
    engines: {node: '>=0.8'}
    hasBin: true

  dom-storage@2.1.0:
    resolution: {integrity: sha512-g6RpyWXzl0RR6OTElHKBl7nwnK87GUyZMYC7JWsB/IA73vpqK2K6LT39x4VepLxlSsWBFrPVLnsSR5Jyty0+2Q==}

  emoji-regex@8.0.0:
    resolution: {integrity: sha512-MSjYzcWNOA0ewAHpz0MxpYFvwg6yjy1NG3xteoqz644VCo/RPgnr1/GGt+ic3iJTzQ8Eu3TdM14SawnVUmGE6A==}

  escalade@3.2.0:
    resolution: {integrity: sha512-WUj2qlxaQtO4g6Pq5c29GTcWGDyd8itL8zTlipgECz3JesAiiOKotd8JU6otB3PACgG6xkJUyVhboMS+bje/jA==}
    engines: {node: '>=6'}

  faye-websocket@0.11.3:
    resolution: {integrity: sha512-D2y4bovYpzziGgbHYtGCMjlJM36vAl/y+xUyn1C+FVx8szd1E+86KwVw6XvYSzOP8iMpm1X0I4xJD+QtUb36OA==}
    engines: {node: '>=0.8.0'}

  firebase@8.10.0:
    resolution: {integrity: sha512-GCABTbJdo88QgzX5OH/vsfKBWvTRbLUylGlYXtO7uYo1VErfGd2BWW9ATlJP5Gxx+ClDfyvVTvcs2rcNWn3uUA==}
    engines: {node: ^8.13.0 || >=10.10.0}

  frac@1.1.2:
    resolution: {integrity: sha512-w/XBfkibaTl3YDqASwfDUqkna4Z2p9cFSr1aHDt0WoMTECnRfBOv2WArlZILlqgWlmdIlALXGpM2AOhEk5W3IA==}
    engines: {node: '>=0.8'}

  fsevents@2.3.2:
    resolution: {integrity: sha512-xiqMQR4xAeHTuB9uWm+fFRcIOgKBMiOBP+eXiyT7jsgVCq1bkVygt00oASowB7EdtpOHaaPgKt812P9ab+DDKA==}
    engines: {node: ^8.16.0 || ^10.6.0 || >=11.0.0}
    os: [darwin]

  geojson-rbush@3.2.0:
    resolution: {integrity: sha512-oVltQTXolxvsz1sZnutlSuLDEcQAKYC/uXt9zDzJJ6bu0W+baTI8LZBaTup5afzibEH4N3jlq2p+a152wlBJ7w==}

  get-caller-file@2.0.5:
    resolution: {integrity: sha512-DyFP3BM/3YHTQOCUL/w0OZHR0lpKeGrxotcHWcqNEdnltqFwXVfhEBQ94eIo34AfQpo0rGki4cyIiftY06h2Fg==}
    engines: {node: 6.* || 8.* || >= 10.*}

  http-parser-js@0.5.10:
    resolution: {integrity: sha512-Pysuw9XpUq5dVc/2SMHpuTY01RFl8fttgcyunjL7eEMhGM3cI4eOmiCycJDVCo/7O7ClfQD3SaI6ftDzqOXYMA==}

  idb@3.0.2:
    resolution: {integrity: sha512-+FLa/0sTXqyux0o6C+i2lOR0VoS60LU/jzUo5xjfY6+7sEEgy4Gz1O7yFBXvjd7N0NyIGWIRg8DcQSLEG+VSPw==}

  is-fullwidth-code-point@3.0.0:
    resolution: {integrity: sha512-zymm5+u+sCsSWyD9qNaejV3DFvhCKclKdizYaJUuHA83RLjb7nSuGnddCHGv0hk+KY7BMAlsWeK4Ueg6EV6XQg==}
    engines: {node: '>=8'}

  leaflet@1.9.4:
    resolution: {integrity: sha512-nxS1ynzJOmOlHp+iL3FyWqK89GtNL8U8rvlMOsQdTTssxZwCXh8N2NB3GDQOL+YR3XnWyZAxwQixURb+FA74PA==}

  lodash.camelcase@4.3.0:
    resolution: {integrity: sha512-TwuEnCnxbc3rAvhf/LbG7tJUDzhqXyFnv3dtzLOPgCG/hODL7WFnsbwktkD7yUV0RrreP/l1PALq/YSg6VvjlA==}

  lodash@4.17.21:
    resolution: {integrity: sha512-v2kDEe57lecTulaDIuNTPy3Ry4gLGJ6Z1O3vE1krgXZNrsQ+LFTGHVxVjcXPs17LhbZVGedAJv8XZ1tvj5FvSg==}

  long@4.0.0:
    resolution: {integrity: sha512-XsP+KhQif4bjX1kbuSiySJFNAehNxgLb6hPRGJ9QsUr8ajHkuXGdrHmFUTUUXhDwVX2R5bY4JNZEwbUiMhV+MA==}

  long@5.3.2:
    resolution: {integrity: sha512-mNAgZ1GmyNhD7AuqnTG3/VQ26o760+ZYBPKjPvugO8+nLbYfX6TVpJPseBvopbdY+qpZ/lKUnmEc1LeZYS3QAA==}

  node-fetch@2.6.1:
    resolution: {integrity: sha512-V4aYg89jEoVRxRb2fJdAg8FHvI7cEyYdVAh94HH0UIK8oJxUfkjlDQN9RbMx+bEjP7+ggMiFRprSti032Oipxw==}
    engines: {node: 4.x || >=6.0.0}

  playwright-core@1.61.1:
    resolution: {integrity: sha512-h7Qlt6m4REp25qvIdvbDtVmD4LqVXfpRxhORv9L0jzETM05p4fuPJ3dKyuSXQxDSbXnmS79HAgi9589lGSpLkg==}
    engines: {node: '>=18'}
    hasBin: true

  playwright@1.61.1:
    resolution: {integrity: sha512-DWnY5o3YbLWK4GovuAVwpqL+1VwGNdUGrRr++8j8PtQQzvAVZUIMjKQ90fY689sEJZJBbZVw1rXaOKSTitkzPQ==}
    engines: {node: '>=18'}
    hasBin: true

  polyclip-ts@0.16.8:
    resolution: {integrity: sha512-JPtKbDRuPEuAjuTdhR62Gph7Is2BS1Szx69CFOO3g71lpJDFo78k4tFyi+qFOMVPePEzdSKkpGU3NBXPHHjvKQ==}

  promise-polyfill@8.1.3:
    resolution: {integrity: sha512-MG5r82wBzh7pSKDRa9y+vllNHz3e3d4CNj1PQE4BQYxLme0gKYYBm9YENq+UkEikyZ0XbiGWxYlVw3Rl9O/U8g==}

  protobufjs@6.11.6:
    resolution: {integrity: sha512-k8BHqgPBOtrlougZZqF2uUk5Z7bN8f0wj+3e8M3hvtSv0NBAz4VBy5f6R5Nxq/l+i7mRFTgNZb2trxqTpHNY/A==}
    hasBin: true

  protobufjs@7.6.5:
    resolution: {integrity: sha512-/FPD0nUc9jH6rfFjji9IBqOz4pcSE3CsT1m7Ep6Mdb0LxSUMj8hgl6GomOvZzpNpAqqGaXA0P3VSrZLFzIhQrw==}
    engines: {node: '>=12.0.0'}

  quickselect@2.0.0:
    resolution: {integrity: sha512-RKJ22hX8mHe3Y6wH/N3wCM6BWtjaxIyyUIkpHOvfFnxdI4yD4tBXEBKSbriGujF6jnSVkJrffuo6vxACiSSxIw==}

  rbush@3.0.1:
    resolution: {integrity: sha512-XRaVO0YecOpEuIvbhbpTrZgoiI6xBlz6hnlr6EHhd+0x9ase6EmeN+hdwwUaJvLcsFFQ8iWVF1GAK1yB0BWi0w==}

  require-directory@2.1.1:
    resolution: {integrity: sha512-fGxEI7+wsG9xrvdjsrlmL22OMTTiHRwAMroiEeMgq8gzoLC/PQr7RsRDSTLUg/bZAZtF+TVIkHc6/4RIKrui+Q==}
    engines: {node: '>=0.10.0'}

  safe-buffer@5.2.1:
    resolution: {integrity: sha512-rp3So07KcdmmKbGvgaNxQSJr7bGVSVk5S9Eq1F+ppbRo70+YeaDxkw5Dd8NPN+GD6bjnYm2VuPuCXmpuYvmCXQ==}

  splaytree-ts@1.0.2:
    resolution: {integrity: sha512-0kGecIZNIReCSiznK3uheYB8sbstLjCZLiwcQwbmLhgHJj2gz6OnSPkVzJQCMnmEz1BQ4gPK59ylhBoEWOhGNA==}

  ssf@0.11.2:
    resolution: {integrity: sha512-+idbmIXoYET47hH+d7dfm2epdOMUDjqcB4648sTZ+t2JwoyBFL/insLfB/racrDmsKB3diwsDA696pZMieAC5g==}
    engines: {node: '>=0.8'}

  string-width@4.2.3:
    resolution: {integrity: sha512-wKyQRQpjJ0sIp62ErSZdGsjMJWsap5oRNihHhu6G7JVO/9jIB6UyevL+tXuOqrng8j/cxKTWyWUwvSTriiZz/g==}
    engines: {node: '>=8'}

  strip-ansi@6.0.1:
    resolution: {integrity: sha512-Y38VPSHcqkFrCpFnQ9vuSXmquuv5oXOKpGeT6aGrr3o3Gc9AlVa6JBfUSOCnbxGGZF+/0ooI7KrPuUSztUdU5A==}
    engines: {node: '>=8'}

  tslib@2.8.1:
    resolution: {integrity: sha512-oJFu94HQb+KVduSUQL7wnpmqnfmLsOA/nAh6b6EH0wCEoK0/mPeXU6c3wKDV83MkOuHPRHtSXKKU99IBazS/2w==}

  undici-types@8.3.0:
    resolution: {integrity: sha512-j375ScV60dom+YkPFIfTLcOiPxkN/buHz5GobjLhixFuANaNs3C9l4GmrWqejgXWJ7BbJcFYpTEUkS1Ge8bpZQ==}

  websocket-driver@0.7.5:
    resolution: {integrity: sha512-ZL2+3c7kMBdIRCMz6l8jQMHyGVxj+UL+xVk74Ombiciboca8rHa15L86B19E5oh1pL9Ii/uj54gtsIrZGMo6zA==}
    engines: {node: '>=0.8.0'}

  websocket-extensions@0.1.4:
    resolution: {integrity: sha512-OqedPIGOfsDlo31UNwYbCFMSaO9m9G/0faIHj5/dZFDMFqPTcx6UwqyOy3COEaEOg/9VsGIpdqn62W5KhoKSpg==}
    engines: {node: '>=0.8.0'}

  whatwg-fetch@2.0.4:
    resolution: {integrity: sha512-dcQ1GWpOD/eEQ97k66aiEVpNnapVj90/+R+SXTPYGHpYBBypfKJEQjLrvMZ7YXbKm21gXd4NcuxUTjiv1YtLng==}

  wmf@1.0.2:
    resolution: {integrity: sha512-/p9K7bEh0Dj6WbXg4JG0xvLQmIadrner1bi45VMJTfnbVHsc7yIajZyoSoK60/dtVBs12Fm6WkUI5/3WAVsNMw==}
    engines: {node: '>=0.8'}

  word@0.3.0:
    resolution: {integrity: sha512-OELeY0Q61OXpdUfTp+oweA/vtLVg5VDOXh+3he3PNzLGG/y0oylSOC1xRVj0+l4vQ3tj/bB1HVHv1ocXkQceFA==}
    engines: {node: '>=0.8'}

  wrap-ansi@7.0.0:
    resolution: {integrity: sha512-YVGIj2kamLSTxw6NsZjoBxfSwsn0ycdesmc4p+Q21c5zPuZ1pl+NfxVdxPtdHvmNVOQ6XSYG4AUtyt/Fi7D16Q==}
    engines: {node: '>=10'}

  xlsx@0.18.5:
    resolution: {integrity: sha512-dmg3LCjBPHZnQp5/F/+nnTa+miPJxUXB6vtk42YjBBKayDNagxGEeIdWApkYPOf3Z3pm3k62Knjzp7lMeTEtFQ==}
    engines: {node: '>=0.8'}
    hasBin: true

  xmlhttprequest@1.8.0:
    resolution: {integrity: sha512-58Im/U0mlVBLM38NdZjHyhuMtCqa61469k2YP/AaPbvCoV9aQGUpbJBj1QRm2ytRiVQBD/fsw7L2bJGDVQswBA==}
    engines: {node: '>=0.4.0'}

  y18n@5.0.8:
    resolution: {integrity: sha512-0pfFzegeDWJHJIAmTLRP2DwHjdF5s7jo9tuztdQxAhINCdvS+3nGINqPd00AphqJR/0LhANUS6/+7SCb98YOfA==}
    engines: {node: '>=10'}

  yargs-parser@20.2.9:
    resolution: {integrity: sha512-y11nGElTIV+CT3Zv9t7VKl+Q3hTQoT9a1Qzezhhl6Rp21gJ/IVTW7Z3y9EWXhuUBC2Shnf+DX0antecpAwSP8w==}
    engines: {node: '>=10'}

  yargs-parser@21.1.1:
    resolution: {integrity: sha512-tVpsJW7DdjecAiFpbIB1e3qxIQsE6NoPc5/eTdrbbIC4h0LVsWhnoa3g+m2HclBIujHzsxZ4VJVA+GUuc2/LBw==}
    engines: {node: '>=12'}

  yargs@16.2.2:
    resolution: {integrity: sha512-Nt9ZJjXTv5R8MHbqby/wXQ6Gi0Bb3TcYZkR1bzuL4yB2OxWPkXknz513gEF0GoA6tn00UpbPvERW8rzCuWCA6w==}
    engines: {node: '>=10'}

  yargs@17.7.3:
    resolution: {integrity: sha512-GZtjxm/J/4TSxuL3FNYjCmLktBTnIw/rVmKSIyKeYAZpmJB2ig9VauCC5xsa82GNKVKDAqpOn3KVzNt0zmrU0g==}
    engines: {node: '>=12'}

snapshots:

  '@firebase/analytics-types@0.6.0': {}

  '@firebase/analytics@0.6.18(@firebase/app-types@0.6.3)(@firebase/app@0.6.30)':
    dependencies:
      '@firebase/analytics-types': 0.6.0
      '@firebase/app': 0.6.30
      '@firebase/app-types': 0.6.3
      '@firebase/component': 0.5.6
      '@firebase/installations': 0.4.32(@firebase/app-types@0.6.3)(@firebase/app@0.6.30)
      '@firebase/logger': 0.2.6
      '@firebase/util': 1.3.0
      tslib: 2.8.1

  '@firebase/app-check-interop-types@0.1.0': {}

  '@firebase/app-check-types@0.3.1': {}

  '@firebase/app-check@0.3.2(@firebase/app-types@0.6.3)(@firebase/app@0.6.30)':
    dependencies:
      '@firebase/app': 0.6.30
      '@firebase/app-check-interop-types': 0.1.0
      '@firebase/app-check-types': 0.3.1
      '@firebase/app-types': 0.6.3
      '@firebase/component': 0.5.6
      '@firebase/logger': 0.2.6
      '@firebase/util': 1.3.0
      tslib: 2.8.1

  '@firebase/app-types@0.6.3': {}

  '@firebase/app@0.6.30':
    dependencies:
      '@firebase/app-types': 0.6.3
      '@firebase/component': 0.5.6
      '@firebase/logger': 0.2.6
      '@firebase/util': 1.3.0
      dom-storage: 2.1.0
      tslib: 2.8.1
      xmlhttprequest: 1.8.0

  '@firebase/auth-interop-types@0.1.6(@firebase/app-types@0.6.3)(@firebase/util@1.3.0)':
    dependencies:
      '@firebase/app-types': 0.6.3
      '@firebase/util': 1.3.0

  '@firebase/auth-types@0.10.3(@firebase/app-types@0.6.3)(@firebase/util@1.3.0)':
    dependencies:
      '@firebase/app-types': 0.6.3
      '@firebase/util': 1.3.0

  '@firebase/auth@0.16.8(@firebase/app-types@0.6.3)(@firebase/app@0.6.30)(@firebase/util@1.3.0)':
    dependencies:
      '@firebase/app': 0.6.30
      '@firebase/auth-types': 0.10.3(@firebase/app-types@0.6.3)(@firebase/util@1.3.0)
    transitivePeerDependencies:
      - '@firebase/app-types'
      - '@firebase/util'

  '@firebase/component@0.5.6':
    dependencies:
      '@firebase/util': 1.3.0
      tslib: 2.8.1

  '@firebase/database-types@0.8.0':
    dependencies:
      '@firebase/app-types': 0.6.3
      '@firebase/util': 1.3.0

  '@firebase/database@0.11.0(@firebase/app-types@0.6.3)':
    dependencies:
      '@firebase/auth-interop-types': 0.1.6(@firebase/app-types@0.6.3)(@firebase/util@1.3.0)
      '@firebase/component': 0.5.6
      '@firebase/database-types': 0.8.0
      '@firebase/logger': 0.2.6
      '@firebase/util': 1.3.0
      faye-websocket: 0.11.3
      tslib: 2.8.1
    transitivePeerDependencies:
      - '@firebase/app-types'

  '@firebase/firestore-types@2.4.0(@firebase/app-types@0.6.3)(@firebase/util@1.3.0)':
    dependencies:
      '@firebase/app-types': 0.6.3
      '@firebase/util': 1.3.0

  '@firebase/firestore@2.4.0(@firebase/app-types@0.6.3)(@firebase/app@0.6.30)':
    dependencies:
      '@firebase/app': 0.6.30
      '@firebase/app-types': 0.6.3
      '@firebase/component': 0.5.6
      '@firebase/firestore-types': 2.4.0(@firebase/app-types@0.6.3)(@firebase/util@1.3.0)
      '@firebase/logger': 0.2.6
      '@firebase/util': 1.3.0
      '@firebase/webchannel-wrapper': 0.5.1
      '@grpc/grpc-js': 1.14.4
      '@grpc/proto-loader': 0.6.13
      node-fetch: 2.6.1
      tslib: 2.8.1

  '@firebase/functions-types@0.4.0': {}

  '@firebase/functions@0.6.15(@firebase/app-types@0.6.3)(@firebase/app@0.6.30)':
    dependencies:
      '@firebase/app': 0.6.30
      '@firebase/app-types': 0.6.3
      '@firebase/component': 0.5.6
      '@firebase/functions-types': 0.4.0
      '@firebase/messaging-types': 0.5.0(@firebase/app-types@0.6.3)
      node-fetch: 2.6.1
      tslib: 2.8.1

  '@firebase/installations-types@0.3.4(@firebase/app-types@0.6.3)':
    dependencies:
      '@firebase/app-types': 0.6.3

  '@firebase/installations@0.4.32(@firebase/app-types@0.6.3)(@firebase/app@0.6.30)':
    dependencies:
      '@firebase/app': 0.6.30
      '@firebase/app-types': 0.6.3
      '@firebase/component': 0.5.6
      '@firebase/installations-types': 0.3.4(@firebase/app-types@0.6.3)
      '@firebase/util': 1.3.0
      idb: 3.0.2
      tslib: 2.8.1

  '@firebase/logger@0.2.6': {}

  '@firebase/messaging-types@0.5.0(@firebase/app-types@0.6.3)':
    dependencies:
      '@firebase/app-types': 0.6.3

  '@firebase/messaging@0.8.0(@firebase/app-types@0.6.3)(@firebase/app@0.6.30)':
    dependencies:
      '@firebase/app': 0.6.30
      '@firebase/app-types': 0.6.3
      '@firebase/component': 0.5.6
      '@firebase/installations': 0.4.32(@firebase/app-types@0.6.3)(@firebase/app@0.6.30)
      '@firebase/messaging-types': 0.5.0(@firebase/app-types@0.6.3)
      '@firebase/util': 1.3.0
      idb: 3.0.2
      tslib: 2.8.1

  '@firebase/performance-types@0.0.13': {}

  '@firebase/performance@0.4.18(@firebase/app-types@0.6.3)(@firebase/app@0.6.30)':
    dependencies:
      '@firebase/app': 0.6.30
      '@firebase/app-types': 0.6.3
      '@firebase/component': 0.5.6
      '@firebase/installations': 0.4.32(@firebase/app-types@0.6.3)(@firebase/app@0.6.30)
      '@firebase/logger': 0.2.6
      '@firebase/performance-types': 0.0.13
      '@firebase/util': 1.3.0
      tslib: 2.8.1

  '@firebase/polyfill@0.3.36':
    dependencies:
      core-js: 3.6.5
      promise-polyfill: 8.1.3
      whatwg-fetch: 2.0.4

  '@firebase/remote-config-types@0.1.9': {}

  '@firebase/remote-config@0.1.43(@firebase/app-types@0.6.3)(@firebase/app@0.6.30)':
    dependencies:
      '@firebase/app': 0.6.30
      '@firebase/app-types': 0.6.3
      '@firebase/component': 0.5.6
      '@firebase/installations': 0.4.32(@firebase/app-types@0.6.3)(@firebase/app@0.6.30)
      '@firebase/logger': 0.2.6
      '@firebase/remote-config-types': 0.1.9
      '@firebase/util': 1.3.0
      tslib: 2.8.1

  '@firebase/storage-types@0.5.0(@firebase/app-types@0.6.3)(@firebase/util@1.3.0)':
    dependencies:
      '@firebase/app-types': 0.6.3
      '@firebase/util': 1.3.0

  '@firebase/storage@0.7.0(@firebase/app-types@0.6.3)(@firebase/app@0.6.30)':
    dependencies:
      '@firebase/app': 0.6.30
      '@firebase/app-types': 0.6.3
      '@firebase/component': 0.5.6
      '@firebase/storage-types': 0.5.0(@firebase/app-types@0.6.3)(@firebase/util@1.3.0)
      '@firebase/util': 1.3.0
      node-fetch: 2.6.1
      tslib: 2.8.1

  '@firebase/util@1.3.0':
    dependencies:
      tslib: 2.8.1

  '@firebase/webchannel-wrapper@0.5.1': {}

  '@geoman-io/leaflet-geoman-free@2.18.3(leaflet@1.9.4)':
    dependencies:
      '@turf/boolean-contains': 6.5.0
      '@turf/kinks': 6.5.0
      '@turf/line-intersect': 6.5.0
      '@turf/line-split': 6.5.0
      leaflet: 1.9.4
      lodash: 4.17.21
      polyclip-ts: 0.16.8

  '@grpc/grpc-js@1.14.4':
    dependencies:
      '@grpc/proto-loader': 0.8.1
      '@js-sdsl/ordered-map': 4.4.2

  '@grpc/proto-loader@0.6.13':
    dependencies:
      '@types/long': 4.0.2
      lodash.camelcase: 4.3.0
      long: 4.0.0
      protobufjs: 6.11.6
      yargs: 16.2.2

  '@grpc/proto-loader@0.8.1':
    dependencies:
      lodash.camelcase: 4.3.0
      long: 5.3.2
      protobufjs: 7.6.5
      yargs: 17.7.3

  '@js-sdsl/ordered-map@4.4.2': {}

  '@playwright/test@1.61.1':
    dependencies:
      playwright: 1.61.1

  '@protobufjs/aspromise@1.1.2': {}

  '@protobufjs/base64@1.1.2': {}

  '@protobufjs/codegen@2.0.5': {}

  '@protobufjs/eventemitter@1.1.1': {}

  '@protobufjs/fetch@1.1.1':
    dependencies:
      '@protobufjs/aspromise': 1.1.2

  '@protobufjs/float@1.0.2': {}

  '@protobufjs/inquire@1.1.2': {}

  '@protobufjs/path@1.1.2': {}

  '@protobufjs/pool@1.1.0': {}

  '@protobufjs/utf8@1.1.2': {}

  '@turf/bbox@6.5.0':
    dependencies:
      '@turf/helpers': 6.5.0
      '@turf/meta': 6.5.0

  '@turf/bbox@7.3.5':
    dependencies:
      '@turf/helpers': 7.3.5
      '@turf/meta': 7.3.5
      '@types/geojson': 7946.0.16
      tslib: 2.8.1

  '@turf/bearing@6.5.0':
    dependencies:
      '@turf/helpers': 6.5.0
      '@turf/invariant': 6.5.0

  '@turf/boolean-contains@6.5.0':
    dependencies:
      '@turf/bbox': 6.5.0
      '@turf/boolean-point-in-polygon': 6.5.0
      '@turf/boolean-point-on-line': 6.5.0
      '@turf/helpers': 6.5.0
      '@turf/invariant': 6.5.0

  '@turf/boolean-point-in-polygon@6.5.0':
    dependencies:
      '@turf/helpers': 6.5.0
      '@turf/invariant': 6.5.0

  '@turf/boolean-point-on-line@6.5.0':
    dependencies:
      '@turf/helpers': 6.5.0
      '@turf/invariant': 6.5.0

  '@turf/destination@6.5.0':
    dependencies:
      '@turf/helpers': 6.5.0
      '@turf/invariant': 6.5.0

  '@turf/distance@6.5.0':
    dependencies:
      '@turf/helpers': 6.5.0
      '@turf/invariant': 6.5.0

  '@turf/helpers@6.5.0': {}

  '@turf/helpers@7.3.5':
    dependencies:
      '@types/geojson': 7946.0.16
      tslib: 2.8.1

  '@turf/invariant@6.5.0':
    dependencies:
      '@turf/helpers': 6.5.0

  '@turf/kinks@6.5.0':
    dependencies:
      '@turf/helpers': 6.5.0

  '@turf/line-intersect@6.5.0':
    dependencies:
      '@turf/helpers': 6.5.0
      '@turf/invariant': 6.5.0
      '@turf/line-segment': 6.5.0
      '@turf/meta': 6.5.0
      geojson-rbush: 3.2.0

  '@turf/line-segment@6.5.0':
    dependencies:
      '@turf/helpers': 6.5.0
      '@turf/invariant': 6.5.0
      '@turf/meta': 6.5.0

  '@turf/line-split@6.5.0':
    dependencies:
      '@turf/bbox': 6.5.0
      '@turf/helpers': 6.5.0
      '@turf/invariant': 6.5.0
      '@turf/line-intersect': 6.5.0
      '@turf/line-segment': 6.5.0
      '@turf/meta': 6.5.0
      '@turf/nearest-point-on-line': 6.5.0
      '@turf/square': 6.5.0
      '@turf/truncate': 6.5.0
      geojson-rbush: 3.2.0

  '@turf/meta@6.5.0':
    dependencies:
      '@turf/helpers': 6.5.0

  '@turf/meta@7.3.5':
    dependencies:
      '@turf/helpers': 7.3.5
      '@types/geojson': 7946.0.16
      tslib: 2.8.1

  '@turf/nearest-point-on-line@6.5.0':
    dependencies:
      '@turf/bearing': 6.5.0
      '@turf/destination': 6.5.0
      '@turf/distance': 6.5.0
      '@turf/helpers': 6.5.0
      '@turf/invariant': 6.5.0
      '@turf/line-intersect': 6.5.0
      '@turf/meta': 6.5.0

  '@turf/square@6.5.0':
    dependencies:
      '@turf/distance': 6.5.0
      '@turf/helpers': 6.5.0

  '@turf/truncate@6.5.0':
    dependencies:
      '@turf/helpers': 6.5.0
      '@turf/meta': 6.5.0

  '@types/geojson@7946.0.16': {}

  '@types/geojson@7946.0.8': {}

  '@types/long@4.0.2': {}

  '@types/node@26.1.1':
    dependencies:
      undici-types: 8.3.0

  adler-32@1.3.1: {}

  ansi-regex@5.0.1: {}

  ansi-styles@4.3.0:
    dependencies:
      color-convert: 2.0.1

  bignumber.js@9.3.1: {}

  cfb@1.2.2:
    dependencies:
      adler-32: 1.3.1
      crc-32: 1.2.2

  cliui@7.0.4:
    dependencies:
      string-width: 4.2.3
      strip-ansi: 6.0.1
      wrap-ansi: 7.0.0

  cliui@8.0.1:
    dependencies:
      string-width: 4.2.3
      strip-ansi: 6.0.1
      wrap-ansi: 7.0.0

  codepage@1.15.0: {}

  color-convert@2.0.1:
    dependencies:
      color-name: 1.1.4

  color-name@1.1.4: {}

  core-js@3.6.5: {}

  crc-32@1.2.2: {}

  dom-storage@2.1.0: {}

  emoji-regex@8.0.0: {}

  escalade@3.2.0: {}

  faye-websocket@0.11.3:
    dependencies:
      websocket-driver: 0.7.5

  firebase@8.10.0:
    dependencies:
      '@firebase/analytics': 0.6.18(@firebase/app-types@0.6.3)(@firebase/app@0.6.30)
      '@firebase/app': 0.6.30
      '@firebase/app-check': 0.3.2(@firebase/app-types@0.6.3)(@firebase/app@0.6.30)
      '@firebase/app-types': 0.6.3
      '@firebase/auth': 0.16.8(@firebase/app-types@0.6.3)(@firebase/app@0.6.30)(@firebase/util@1.3.0)
      '@firebase/database': 0.11.0(@firebase/app-types@0.6.3)
      '@firebase/firestore': 2.4.0(@firebase/app-types@0.6.3)(@firebase/app@0.6.30)
      '@firebase/functions': 0.6.15(@firebase/app-types@0.6.3)(@firebase/app@0.6.30)
      '@firebase/installations': 0.4.32(@firebase/app-types@0.6.3)(@firebase/app@0.6.30)
      '@firebase/messaging': 0.8.0(@firebase/app-types@0.6.3)(@firebase/app@0.6.30)
      '@firebase/performance': 0.4.18(@firebase/app-types@0.6.3)(@firebase/app@0.6.30)
      '@firebase/polyfill': 0.3.36
      '@firebase/remote-config': 0.1.43(@firebase/app-types@0.6.3)(@firebase/app@0.6.30)
      '@firebase/storage': 0.7.0(@firebase/app-types@0.6.3)(@firebase/app@0.6.30)
      '@firebase/util': 1.3.0

  frac@1.1.2: {}

  fsevents@2.3.2:
    optional: true

  geojson-rbush@3.2.0:
    dependencies:
      '@turf/bbox': 7.3.5
      '@turf/helpers': 6.5.0
      '@turf/meta': 6.5.0
      '@types/geojson': 7946.0.8
      rbush: 3.0.1

  get-caller-file@2.0.5: {}

  http-parser-js@0.5.10: {}

  idb@3.0.2: {}

  is-fullwidth-code-point@3.0.0: {}

  leaflet@1.9.4: {}

  lodash.camelcase@4.3.0: {}

  lodash@4.17.21: {}

  long@4.0.0: {}

  long@5.3.2: {}

  node-fetch@2.6.1: {}

  playwright-core@1.61.1: {}

  playwright@1.61.1:
    dependencies:
      playwright-core: 1.61.1
    optionalDependencies:
      fsevents: 2.3.2

  polyclip-ts@0.16.8:
    dependencies:
      bignumber.js: 9.3.1
      splaytree-ts: 1.0.2

  promise-polyfill@8.1.3: {}

  protobufjs@6.11.6:
    dependencies:
      '@protobufjs/aspromise': 1.1.2
      '@protobufjs/base64': 1.1.2
      '@protobufjs/codegen': 2.0.5
      '@protobufjs/eventemitter': 1.1.1
      '@protobufjs/fetch': 1.1.1
      '@protobufjs/float': 1.0.2
      '@protobufjs/inquire': 1.1.2
      '@protobufjs/path': 1.1.2
      '@protobufjs/pool': 1.1.0
      '@protobufjs/utf8': 1.1.2
      '@types/long': 4.0.2
      '@types/node': 26.1.1
      long: 4.0.0

  protobufjs@7.6.5:
    dependencies:
      '@protobufjs/aspromise': 1.1.2
      '@protobufjs/base64': 1.1.2
      '@protobufjs/codegen': 2.0.5
      '@protobufjs/eventemitter': 1.1.1
      '@protobufjs/fetch': 1.1.1
      '@protobufjs/float': 1.0.2
      '@protobufjs/path': 1.1.2
      '@protobufjs/pool': 1.1.0
      '@protobufjs/utf8': 1.1.2
      '@types/node': 26.1.1
      long: 5.3.2

  quickselect@2.0.0: {}

  rbush@3.0.1:
    dependencies:
      quickselect: 2.0.0

  require-directory@2.1.1: {}

  safe-buffer@5.2.1: {}

  splaytree-ts@1.0.2: {}

  ssf@0.11.2:
    dependencies:
      frac: 1.1.2

  string-width@4.2.3:
    dependencies:
      emoji-regex: 8.0.0
      is-fullwidth-code-point: 3.0.0
      strip-ansi: 6.0.1

  strip-ansi@6.0.1:
    dependencies:
      ansi-regex: 5.0.1

  tslib@2.8.1: {}

  undici-types@8.3.0: {}

  websocket-driver@0.7.5:
    dependencies:
      http-parser-js: 0.5.10
      safe-buffer: 5.2.1
      websocket-extensions: 0.1.4

  websocket-extensions@0.1.4: {}

  whatwg-fetch@2.0.4: {}

  wmf@1.0.2: {}

  word@0.3.0: {}

  wrap-ansi@7.0.0:
    dependencies:
      ansi-styles: 4.3.0
      string-width: 4.2.3
      strip-ansi: 6.0.1

  xlsx@0.18.5:
    dependencies:
      adler-32: 1.3.1
      cfb: 1.2.2
      codepage: 1.15.0
      crc-32: 1.2.2
      ssf: 0.11.2
      wmf: 1.0.2
      word: 0.3.0

  xmlhttprequest@1.8.0: {}

  y18n@5.0.8: {}

  yargs-parser@20.2.9: {}

  yargs-parser@21.1.1: {}

  yargs@16.2.2:
    dependencies:
      cliui: 7.0.4
      escalade: 3.2.0
      get-caller-file: 2.0.5
      require-directory: 2.1.1
      string-width: 4.2.3
      y18n: 5.0.8
      yargs-parser: 20.2.9

  yargs@17.7.3:
    dependencies:
      cliui: 8.0.1
      escalade: 3.2.0
      get-caller-file: 2.0.5
      require-directory: 2.1.1
      string-width: 4.2.3
      y18n: 5.0.8
      yargs-parser: 21.1.1
